PODS:
  - Realm (10.12.0):
    - Realm/Headers (= 10.12.0)
  - Realm/Headers (10.12.0)
  - RealmSwift (10.12.0):
    - Realm (= 10.12.0)
  - TableViewReloadAnimation (0.0.5)

DEPENDENCIES:
  - RealmSwift
  - TableViewReloadAnimation (~> 0.0.5)

SPEC REPOS:
  trunk:
    - Realm
    - RealmSwift
    - TableViewReloadAnimation

SPEC CHECKSUMS:
  Realm: 32488213acb44660539c619d620cec1bac046166
  RealmSwift: 0abdca6231d5ff8a4f84cef9c1121ef95a483faf
  TableViewReloadAnimation: f3a4c4048efbc56331be98075f26a2e533a14c16

PODFILE CHECKSUM: 86191e251b074c11132193df28c6fc46c20f640b

COCOAPODS: 1.10.2
