// !$*UTF8*$!
{
	archiveVersion = 1;
	classes = {
	};
	objectVersion = 51;
	objects = {

/* Begin PBXBuildFile section */
		9438305B26C8318700E64FFF /* ObjectiveTableViewCell.swift in Sources */ = {isa = PBXBuildFile; fileRef = 9438305A26C8318700E64FFF /* ObjectiveTableViewCell.swift */; };
		9438305D26C83BB500E64FFF /* Deposit.swift in Sources */ = {isa = PBXBuildFile; fileRef = 9438305C26C83BB500E64FFF /* Deposit.swift */; };
		9438305F26C85D6100E64FFF /* TravelViewController.swift in Sources */ = {isa = PBXBuildFile; fileRef = 9438305E26C85D6100E64FFF /* TravelViewController.swift */; };
		9438306126C85D9300E64FFF /* StudyViewController.swift in Sources */ = {isa = PBXBuildFile; fileRef = 9438306026C85D9300E64FFF /* StudyViewController.swift */; };
		9438306326C85DC300E64FFF /* PurchaseViewController.swift in Sources */ = {isa = PBXBuildFile; fileRef = 9438306226C85DC300E64FFF /* PurchaseViewController.swift */; };
		9438306526C8625300E64FFF /* TravelViewCell.swift in Sources */ = {isa = PBXBuildFile; fileRef = 9438306426C8625300E64FFF /* TravelViewCell.swift */; };
		946449D826C1EF1300630589 /* AppDelegate.swift in Sources */ = {isa = PBXBuildFile; fileRef = 946449D726C1EF1300630589 /* AppDelegate.swift */; };
		946449DA26C1EF1300630589 /* SceneDelegate.swift in Sources */ = {isa = PBXBuildFile; fileRef = 946449D926C1EF1300630589 /* SceneDelegate.swift */; };
		946449E126C1EF1800630589 /* Assets.xcassets in Resources */ = {isa = PBXBuildFile; fileRef = 946449E026C1EF1800630589 /* Assets.xcassets */; };
		946449E426C1EF1800630589 /* LaunchScreen.storyboard in Resources */ = {isa = PBXBuildFile; fileRef = 946449E226C1EF1800630589 /* LaunchScreen.storyboard */; };
		946449EE26C1F01D00630589 /* MainTabBarController.swift in Sources */ = {isa = PBXBuildFile; fileRef = 946449ED26C1F01D00630589 /* MainTabBarController.swift */; };
		946449F026C1F42100630589 /* BalanceViewController.swift in Sources */ = {isa = PBXBuildFile; fileRef = 946449EF26C1F42100630589 /* BalanceViewController.swift */; };
		946449F326C1F8C400630589 /* ObjectiveViewController.swift in Sources */ = {isa = PBXBuildFile; fileRef = 946449F226C1F8C400630589 /* ObjectiveViewController.swift */; };
		946449F526C254A400630589 /* MoneyBoxViewController.swift in Sources */ = {isa = PBXBuildFile; fileRef = 946449F426C254A400630589 /* MoneyBoxViewController.swift */; };
		946449FB26C288FB00630589 /* UIButton.swift in Sources */ = {isa = PBXBuildFile; fileRef = 946449FA26C288FB00630589 /* UIButton.swift */; };
		946449FD26C290A500630589 /* UIVIew+AutoLayout.swift in Sources */ = {isa = PBXBuildFile; fileRef = 946449FC26C290A500630589 /* UIVIew+AutoLayout.swift */; };
		946449FF26C2AC0500630589 /* WeeksOfWealthViewController.swift in Sources */ = {isa = PBXBuildFile; fileRef = 946449FE26C2AC0500630589 /* WeeksOfWealthViewController.swift */; };
		94644A0126C2AD0A00630589 /* WeeksOfWealthCollectionViewCell.swift in Sources */ = {isa = PBXBuildFile; fileRef = 94644A0026C2AD0A00630589 /* WeeksOfWealthCollectionViewCell.swift */; };
		94644A1326C2F62D00630589 /* UIView+Shadow.swift in Sources */ = {isa = PBXBuildFile; fileRef = 94644A1226C2F62D00630589 /* UIView+Shadow.swift */; };
		94905A7226C9439800DDFAFC /* BackendManager.swift in Sources */ = {isa = PBXBuildFile; fileRef = 94905A7126C9439800DDFAFC /* BackendManager.swift */; };
		A3A8EA7420A33B2D01E04A33 /* Pods_SmartMoney.framework in Frameworks */ = {isa = PBXBuildFile; fileRef = 21E4E9998DBE1C6239D4D0BF /* Pods_SmartMoney.framework */; };
/* End PBXBuildFile section */

/* Begin PBXFileReference section */
		21E4E9998DBE1C6239D4D0BF /* Pods_SmartMoney.framework */ = {isa = PBXFileReference; explicitFileType = wrapper.framework; includeInIndex = 0; path = Pods_SmartMoney.framework; sourceTree = BUILT_PRODUCTS_DIR; };
		5A46ED3E2D01931E084E9C77 /* Pods-SmartMoney.release.xcconfig */ = {isa = PBXFileReference; includeInIndex = 1; lastKnownFileType = text.xcconfig; name = "Pods-SmartMoney.release.xcconfig"; path = "Target Support Files/Pods-SmartMoney/Pods-SmartMoney.release.xcconfig"; sourceTree = "<group>"; };
		9438305A26C8318700E64FFF /* ObjectiveTableViewCell.swift */ = {isa = PBXFileReference; lastKnownFileType = sourcecode.swift; path = ObjectiveTableViewCell.swift; sourceTree = "<group>"; };
		9438305C26C83BB500E64FFF /* Deposit.swift */ = {isa = PBXFileReference; lastKnownFileType = sourcecode.swift; path = Deposit.swift; sourceTree = "<group>"; };
		9438305E26C85D6100E64FFF /* TravelViewController.swift */ = {isa = PBXFileReference; lastKnownFileType = sourcecode.swift; path = TravelViewController.swift; sourceTree = "<group>"; };
		9438306026C85D9300E64FFF /* StudyViewController.swift */ = {isa = PBXFileReference; lastKnownFileType = sourcecode.swift; path = StudyViewController.swift; sourceTree = "<group>"; };
		9438306226C85DC300E64FFF /* PurchaseViewController.swift */ = {isa = PBXFileReference; lastKnownFileType = sourcecode.swift; path = PurchaseViewController.swift; sourceTree = "<group>"; };
		9438306426C8625300E64FFF /* TravelViewCell.swift */ = {isa = PBXFileReference; lastKnownFileType = sourcecode.swift; path = TravelViewCell.swift; sourceTree = "<group>"; };
		946449D426C1EF1300630589 /* SmartMoney.app */ = {isa = PBXFileReference; explicitFileType = wrapper.application; includeInIndex = 0; path = SmartMoney.app; sourceTree = BUILT_PRODUCTS_DIR; };
		946449D726C1EF1300630589 /* AppDelegate.swift */ = {isa = PBXFileReference; lastKnownFileType = sourcecode.swift; path = AppDelegate.swift; sourceTree = "<group>"; };
		946449D926C1EF1300630589 /* SceneDelegate.swift */ = {isa = PBXFileReference; lastKnownFileType = sourcecode.swift; path = SceneDelegate.swift; sourceTree = "<group>"; };
		946449E026C1EF1800630589 /* Assets.xcassets */ = {isa = PBXFileReference; lastKnownFileType = folder.assetcatalog; path = Assets.xcassets; sourceTree = "<group>"; };
		946449E326C1EF1800630589 /* Base */ = {isa = PBXFileReference; lastKnownFileType = file.storyboard; name = Base; path = Base.lproj/LaunchScreen.storyboard; sourceTree = "<group>"; };
		946449E526C1EF1800630589 /* Info.plist */ = {isa = PBXFileReference; lastKnownFileType = text.plist.xml; path = Info.plist; sourceTree = "<group>"; };
		946449ED26C1F01D00630589 /* MainTabBarController.swift */ = {isa = PBXFileReference; lastKnownFileType = sourcecode.swift; path = MainTabBarController.swift; sourceTree = "<group>"; };
		946449EF26C1F42100630589 /* BalanceViewController.swift */ = {isa = PBXFileReference; lastKnownFileType = sourcecode.swift; path = BalanceViewController.swift; sourceTree = "<group>"; };
		946449F226C1F8C400630589 /* ObjectiveViewController.swift */ = {isa = PBXFileReference; lastKnownFileType = sourcecode.swift; path = ObjectiveViewController.swift; sourceTree = "<group>"; };
		946449F426C254A400630589 /* MoneyBoxViewController.swift */ = {isa = PBXFileReference; lastKnownFileType = sourcecode.swift; path = MoneyBoxViewController.swift; sourceTree = "<group>"; };
		946449FA26C288FB00630589 /* UIButton.swift */ = {isa = PBXFileReference; lastKnownFileType = sourcecode.swift; path = UIButton.swift; sourceTree = "<group>"; };
		946449FC26C290A500630589 /* UIVIew+AutoLayout.swift */ = {isa = PBXFileReference; lastKnownFileType = sourcecode.swift; path = "UIVIew+AutoLayout.swift"; sourceTree = "<group>"; };
		946449FE26C2AC0500630589 /* WeeksOfWealthViewController.swift */ = {isa = PBXFileReference; lastKnownFileType = sourcecode.swift; path = WeeksOfWealthViewController.swift; sourceTree = "<group>"; };
		94644A0026C2AD0A00630589 /* WeeksOfWealthCollectionViewCell.swift */ = {isa = PBXFileReference; lastKnownFileType = sourcecode.swift; path = WeeksOfWealthCollectionViewCell.swift; sourceTree = "<group>"; };
		94644A1226C2F62D00630589 /* UIView+Shadow.swift */ = {isa = PBXFileReference; lastKnownFileType = sourcecode.swift; path = "UIView+Shadow.swift"; sourceTree = "<group>"; };
		94905A7126C9439800DDFAFC /* BackendManager.swift */ = {isa = PBXFileReference; lastKnownFileType = sourcecode.swift; path = BackendManager.swift; sourceTree = "<group>"; };
		FDBBB803ABFE7F784969A298 /* Pods-SmartMoney.debug.xcconfig */ = {isa = PBXFileReference; includeInIndex = 1; lastKnownFileType = text.xcconfig; name = "Pods-SmartMoney.debug.xcconfig"; path = "Target Support Files/Pods-SmartMoney/Pods-SmartMoney.debug.xcconfig"; sourceTree = "<group>"; };
/* End PBXFileReference section */

/* Begin PBXFrameworksBuildPhase section */
		946449D126C1EF1300630589 /* Frameworks */ = {
			isa = PBXFrameworksBuildPhase;
			buildActionMask = 2147483647;
			files = (
				A3A8EA7420A33B2D01E04A33 /* Pods_SmartMoney.framework in Frameworks */,
			);
			runOnlyForDeploymentPostprocessing = 0;
		};
/* End PBXFrameworksBuildPhase section */

/* Begin PBXGroup section */
		446CCC72E86B266060364EEE /* Frameworks */ = {
			isa = PBXGroup;
			children = (
				21E4E9998DBE1C6239D4D0BF /* Pods_SmartMoney.framework */,
			);
			name = Frameworks;
			sourceTree = "<group>";
		};
		9438306626C92DEC00E64FFF /* Travel */ = {
			isa = PBXGroup;
			children = (
				9438306A26C92E2100E64FFF /* Controller */,
				9438306926C92E1700E64FFF /* View */,
				9438306826C92E0D00E64FFF /* Model */,
			);
			path = Travel;
			sourceTree = "<group>";
		};
		9438306826C92E0D00E64FFF /* Model */ = {
			isa = PBXGroup;
			children = (
			);
			path = Model;
			sourceTree = "<group>";
		};
		9438306926C92E1700E64FFF /* View */ = {
			isa = PBXGroup;
			children = (
				9438306426C8625300E64FFF /* TravelViewCell.swift */,
			);
			path = View;
			sourceTree = "<group>";
		};
		9438306A26C92E2100E64FFF /* Controller */ = {
			isa = PBXGroup;
			children = (
				9438305E26C85D6100E64FFF /* TravelViewController.swift */,
			);
			path = Controller;
			sourceTree = "<group>";
		};
		946449CB26C1EF1300630589 = {
			isa = PBXGroup;
			children = (
				946449D626C1EF1300630589 /* SmartMoney */,
				946449D526C1EF1300630589 /* Products */,
				A7D2A4F5095AD0D1CA7BD005 /* Pods */,
				446CCC72E86B266060364EEE /* Frameworks */,
			);
			sourceTree = "<group>";
		};
		946449D526C1EF1300630589 /* Products */ = {
			isa = PBXGroup;
			children = (
				946449D426C1EF1300630589 /* SmartMoney.app */,
			);
			name = Products;
			sourceTree = "<group>";
		};
		946449D626C1EF1300630589 /* SmartMoney */ = {
			isa = PBXGroup;
			children = (
				946449EB26C1EFA100630589 /* Sources */,
				946449D726C1EF1300630589 /* AppDelegate.swift */,
				946449D926C1EF1300630589 /* SceneDelegate.swift */,
				946449E026C1EF1800630589 /* Assets.xcassets */,
				946449E226C1EF1800630589 /* LaunchScreen.storyboard */,
				946449E526C1EF1800630589 /* Info.plist */,
			);
			path = SmartMoney;
			sourceTree = "<group>";
		};
		946449EB26C1EFA100630589 /* Sources */ = {
			isa = PBXGroup;
			children = (
				946449EC26C1EFBA00630589 /* Modules */,
				94905A7026C9437F00DDFAFC /* Services */,
				946449F926C288C400630589 /* Utilities */,
			);
			path = Sources;
			sourceTree = "<group>";
		};
		946449EC26C1EFBA00630589 /* Modules */ = {
			isa = PBXGroup;
			children = (
				946449ED26C1F01D00630589 /* MainTabBarController.swift */,
				94644A0226C2F01F00630589 /* Balance */,
				94644A0326C2F02900630589 /* Objective */,
				94644A0426C2F03A00630589 /* MoneyBox */,
			);
			path = Modules;
			sourceTree = "<group>";
		};
		946449F926C288C400630589 /* Utilities */ = {
			isa = PBXGroup;
			children = (
				946449FA26C288FB00630589 /* UIButton.swift */,
				946449FC26C290A500630589 /* UIVIew+AutoLayout.swift */,
				94644A1226C2F62D00630589 /* UIView+Shadow.swift */,
			);
			path = Utilities;
			sourceTree = "<group>";
		};
		94644A0226C2F01F00630589 /* Balance */ = {
			isa = PBXGroup;
			children = (
				94644A1126C2F0ED00630589 /* Model */,
				94644A1026C2F0EA00630589 /* View */,
				94644A0F26C2F0E600630589 /* Controller */,
			);
			path = Balance;
			sourceTree = "<group>";
		};
		94644A0326C2F02900630589 /* Objective */ = {
			isa = PBXGroup;
			children = (
				94644A0E26C2F0DE00630589 /* Model */,
				94644A0D26C2F0DB00630589 /* View */,
				94644A0C26C2F0D700630589 /* Controller */,
				9438306626C92DEC00E64FFF /* Travel */,
			);
			path = Objective;
			sourceTree = "<group>";
		};
		94644A0426C2F03A00630589 /* MoneyBox */ = {
			isa = PBXGroup;
			children = (
				94644A0726C2F05F00630589 /* Model */,
				94644A0626C2F05200630589 /* View */,
				94644A0526C2F04D00630589 /* Controller */,
				94644A0826C2F0A200630589 /* WeeksOfWealth */,
			);
			path = MoneyBox;
			sourceTree = "<group>";
		};
		94644A0526C2F04D00630589 /* Controller */ = {
			isa = PBXGroup;
			children = (
				946449F426C254A400630589 /* MoneyBoxViewController.swift */,
			);
			path = Controller;
			sourceTree = "<group>";
		};
		94644A0626C2F05200630589 /* View */ = {
			isa = PBXGroup;
			children = (
			);
			path = View;
			sourceTree = "<group>";
		};
		94644A0726C2F05F00630589 /* Model */ = {
			isa = PBXGroup;
			children = (
			);
			path = Model;
			sourceTree = "<group>";
		};
		94644A0826C2F0A200630589 /* WeeksOfWealth */ = {
			isa = PBXGroup;
			children = (
				94644A0B26C2F0BD00630589 /* Model */,
				94644A0A26C2F0B900630589 /* View */,
				94644A0926C2F0B300630589 /* Controller */,
			);
			path = WeeksOfWealth;
			sourceTree = "<group>";
		};
		94644A0926C2F0B300630589 /* Controller */ = {
			isa = PBXGroup;
			children = (
				946449FE26C2AC0500630589 /* WeeksOfWealthViewController.swift */,
			);
			path = Controller;
			sourceTree = "<group>";
		};
		94644A0A26C2F0B900630589 /* View */ = {
			isa = PBXGroup;
			children = (
				94644A0026C2AD0A00630589 /* WeeksOfWealthCollectionViewCell.swift */,
			);
			path = View;
			sourceTree = "<group>";
		};
		94644A0B26C2F0BD00630589 /* Model */ = {
			isa = PBXGroup;
			children = (
				9438305C26C83BB500E64FFF /* Deposit.swift */,
			);
			path = Model;
			sourceTree = "<group>";
		};
		94644A0C26C2F0D700630589 /* Controller */ = {
			isa = PBXGroup;
			children = (
				946449F226C1F8C400630589 /* ObjectiveViewController.swift */,
				9438306026C85D9300E64FFF /* StudyViewController.swift */,
				9438306226C85DC300E64FFF /* PurchaseViewController.swift */,
			);
			path = Controller;
			sourceTree = "<group>";
		};
		94644A0D26C2F0DB00630589 /* View */ = {
			isa = PBXGroup;
			children = (
				9438305A26C8318700E64FFF /* ObjectiveTableViewCell.swift */,
			);
			path = View;
			sourceTree = "<group>";
		};
		94644A0E26C2F0DE00630589 /* Model */ = {
			isa = PBXGroup;
			children = (
			);
			path = Model;
			sourceTree = "<group>";
		};
		94644A0F26C2F0E600630589 /* Controller */ = {
			isa = PBXGroup;
			children = (
				946449EF26C1F42100630589 /* BalanceViewController.swift */,
			);
			path = Controller;
			sourceTree = "<group>";
		};
		94644A1026C2F0EA00630589 /* View */ = {
			isa = PBXGroup;
			children = (
			);
			path = View;
			sourceTree = "<group>";
		};
		94644A1126C2F0ED00630589 /* Model */ = {
			isa = PBXGroup;
			children = (
			);
			path = Model;
			sourceTree = "<group>";
		};
		94905A7026C9437F00DDFAFC /* Services */ = {
			isa = PBXGroup;
			children = (
				94905A7126C9439800DDFAFC /* BackendManager.swift */,
			);
			path = Services;
			sourceTree = "<group>";
		};
		A7D2A4F5095AD0D1CA7BD005 /* Pods */ = {
			isa = PBXGroup;
			children = (
				FDBBB803ABFE7F784969A298 /* Pods-SmartMoney.debug.xcconfig */,
				5A46ED3E2D01931E084E9C77 /* Pods-SmartMoney.release.xcconfig */,
			);
			path = Pods;
			sourceTree = "<group>";
		};
/* End PBXGroup section */

/* Begin PBXNativeTarget section */
		946449D326C1EF1300630589 /* SmartMoney */ = {
			isa = PBXNativeTarget;
			buildConfigurationList = 946449E826C1EF1800630589 /* Build configuration list for PBXNativeTarget "SmartMoney" */;
			buildPhases = (
				FF62AD14CBEC30750C0DE781 /* [CP] Check Pods Manifest.lock */,
				946449D026C1EF1300630589 /* Sources */,
				946449D126C1EF1300630589 /* Frameworks */,
				946449D226C1EF1300630589 /* Resources */,
				67958DA38E8C66C988E4E7CC /* [CP] Embed Pods Frameworks */,
			);
			buildRules = (
			);
			dependencies = (
			);
			name = SmartMoney;
			productName = SmartMoney;
			productReference = 946449D426C1EF1300630589 /* SmartMoney.app */;
			productType = "com.apple.product-type.application";
		};
/* End PBXNativeTarget section */

/* Begin PBXProject section */
		946449CC26C1EF1300630589 /* Project object */ = {
			isa = PBXProject;
			attributes = {
				LastSwiftUpdateCheck = 1250;
				LastUpgradeCheck = 1250;
				TargetAttributes = {
					946449D326C1EF1300630589 = {
						CreatedOnToolsVersion = 12.5.1;
					};
				};
			};
			buildConfigurationList = 946449CF26C1EF1300630589 /* Build configuration list for PBXProject "SmartMoney" */;
			compatibilityVersion = "Xcode 9.3";
			developmentRegion = en;
			hasScannedForEncodings = 0;
			knownRegions = (
				en,
				Base,
			);
			mainGroup = 946449CB26C1EF1300630589;
			productRefGroup = 946449D526C1EF1300630589 /* Products */;
			projectDirPath = "";
			projectRoot = "";
			targets = (
				946449D326C1EF1300630589 /* SmartMoney */,
			);
		};
/* End PBXProject section */

/* Begin PBXResourcesBuildPhase section */
		946449D226C1EF1300630589 /* Resources */ = {
			isa = PBXResourcesBuildPhase;
			buildActionMask = 2147483647;
			files = (
				946449E426C1EF1800630589 /* LaunchScreen.storyboard in Resources */,
				946449E126C1EF1800630589 /* Assets.xcassets in Resources */,
			);
			runOnlyForDeploymentPostprocessing = 0;
		};
/* End PBXResourcesBuildPhase section */

/* Begin PBXShellScriptBuildPhase section */
		67958DA38E8C66C988E4E7CC /* [CP] Embed Pods Frameworks */ = {
			isa = PBXShellScriptBuildPhase;
			buildActionMask = 2147483647;
			files = (
			);
			inputFileListPaths = (
				"${PODS_ROOT}/Target Support Files/Pods-SmartMoney/Pods-SmartMoney-frameworks-${CONFIGURATION}-input-files.xcfilelist",
			);
			name = "[CP] Embed Pods Frameworks";
			outputFileListPaths = (
				"${PODS_ROOT}/Target Support Files/Pods-SmartMoney/Pods-SmartMoney-frameworks-${CONFIGURATION}-output-files.xcfilelist",
			);
			runOnlyForDeploymentPostprocessing = 0;
			shellPath = /bin/sh;
			shellScript = "\"${PODS_ROOT}/Target Support Files/Pods-SmartMoney/Pods-SmartMoney-frameworks.sh\"\n";
			showEnvVarsInLog = 0;
		};
		FF62AD14CBEC30750C0DE781 /* [CP] Check Pods Manifest.lock */ = {
			isa = PBXShellScriptBuildPhase;
			buildActionMask = 2147483647;
			files = (
			);
			inputFileListPaths = (
			);
			inputPaths = (
				"${PODS_PODFILE_DIR_PATH}/Podfile.lock",
				"${PODS_ROOT}/Manifest.lock",
			);
			name = "[CP] Check Pods Manifest.lock";
			outputFileListPaths = (
			);
			outputPaths = (
				"$(DERIVED_FILE_DIR)/Pods-SmartMoney-checkManifestLockResult.txt",
			);
			runOnlyForDeploymentPostprocessing = 0;
			shellPath = /bin/sh;
			shellScript = "diff \"${PODS_PODFILE_DIR_PATH}/Podfile.lock\" \"${PODS_ROOT}/Manifest.lock\" > /dev/null\nif [ $? != 0 ] ; then\n    # print error to STDERR\n    echo \"error: The sandbox is not in sync with the Podfile.lock. Run 'pod install' or update your CocoaPods installation.\" >&2\n    exit 1\nfi\n# This output is used by Xcode 'outputs' to avoid re-running this script phase.\necho \"SUCCESS\" > \"${SCRIPT_OUTPUT_FILE_0}\"\n";
			showEnvVarsInLog = 0;
		};
/* End PBXShellScriptBuildPhase section */

/* Begin PBXSourcesBuildPhase section */
		946449D026C1EF1300630589 /* Sources */ = {
			isa = PBXSourcesBuildPhase;
			buildActionMask = 2147483647;
			files = (
				946449F326C1F8C400630589 /* ObjectiveViewController.swift in Sources */,
				9438306326C85DC300E64FFF /* PurchaseViewController.swift in Sources */,
				946449D826C1EF1300630589 /* AppDelegate.swift in Sources */,
				9438305F26C85D6100E64FFF /* TravelViewController.swift in Sources */,
				94644A0126C2AD0A00630589 /* WeeksOfWealthCollectionViewCell.swift in Sources */,
				9438305D26C83BB500E64FFF /* Deposit.swift in Sources */,
				94905A7226C9439800DDFAFC /* BackendManager.swift in Sources */,
				946449FD26C290A500630589 /* UIVIew+AutoLayout.swift in Sources */,
				94644A1326C2F62D00630589 /* UIView+Shadow.swift in Sources */,
				946449DA26C1EF1300630589 /* SceneDelegate.swift in Sources */,
				946449FB26C288FB00630589 /* UIButton.swift in Sources */,
				946449EE26C1F01D00630589 /* MainTabBarController.swift in Sources */,
				9438306126C85D9300E64FFF /* StudyViewController.swift in Sources */,
				946449F026C1F42100630589 /* BalanceViewController.swift in Sources */,
				9438305B26C8318700E64FFF /* ObjectiveTableViewCell.swift in Sources */,
				946449FF26C2AC0500630589 /* WeeksOfWealthViewController.swift in Sources */,
				9438306526C8625300E64FFF /* TravelViewCell.swift in Sources */,
				946449F526C254A400630589 /* MoneyBoxViewController.swift in Sources */,
			);
			runOnlyForDeploymentPostprocessing = 0;
		};
/* End PBXSourcesBuildPhase section */

/* Begin PBXVariantGroup section */
		946449E226C1EF1800630589 /* LaunchScreen.storyboard */ = {
			isa = PBXVariantGroup;
			children = (
				946449E326C1EF1800630589 /* Base */,
			);
			name = LaunchScreen.storyboard;
			sourceTree = "<group>";
		};
/* End PBXVariantGroup section */

/* Begin XCBuildConfiguration section */
		946449E626C1EF1800630589 /* Debug */ = {
			isa = XCBuildConfiguration;
			buildSettings = {
				ALWAYS_SEARCH_USER_PATHS = NO;
				CLANG_ANALYZER_NONNULL = YES;
				CLANG_ANALYZER_NUMBER_OBJECT_CONVERSION = YES_AGGRESSIVE;
				CLANG_CXX_LANGUAGE_STANDARD = "gnu++14";
				CLANG_CXX_LIBRARY = "libc++";
				CLANG_ENABLE_MODULES = YES;
				CLANG_ENABLE_OBJC_ARC = YES;
				CLANG_ENABLE_OBJC_WEAK = YES;
				CLANG_WARN_BLOCK_CAPTURE_AUTORELEASING = YES;
				CLANG_WARN_BOOL_CONVERSION = YES;
				CLANG_WARN_COMMA = YES;
				CLANG_WARN_CONSTANT_CONVERSION = YES;
				CLANG_WARN_DEPRECATED_OBJC_IMPLEMENTATIONS = YES;
				CLANG_WARN_DIRECT_OBJC_ISA_USAGE = YES_ERROR;
				CLANG_WARN_DOCUMENTATION_COMMENTS = YES;
				CLANG_WARN_EMPTY_BODY = YES;
				CLANG_WARN_ENUM_CONVERSION = YES;
				CLANG_WARN_INFINITE_RECURSION = YES;
				CLANG_WARN_INT_CONVERSION = YES;
				CLANG_WARN_NON_LITERAL_NULL_CONVERSION = YES;
				CLANG_WARN_OBJC_IMPLICIT_RETAIN_SELF = YES;
				CLANG_WARN_OBJC_LITERAL_CONVERSION = YES;
				CLANG_WARN_OBJC_ROOT_CLASS = YES_ERROR;
				CLANG_WARN_QUOTED_INCLUDE_IN_FRAMEWORK_HEADER = YES;
				CLANG_WARN_RANGE_LOOP_ANALYSIS = YES;
				CLANG_WARN_STRICT_PROTOTYPES = YES;
				CLANG_WARN_SUSPICIOUS_MOVE = YES;
				CLANG_WARN_UNGUARDED_AVAILABILITY = YES_AGGRESSIVE;
				CLANG_WARN_UNREACHABLE_CODE = YES;
				CLANG_WARN__DUPLICATE_METHOD_MATCH = YES;
				COPY_PHASE_STRIP = NO;
				DEBUG_INFORMATION_FORMAT = dwarf;
				ENABLE_STRICT_OBJC_MSGSEND = YES;
				ENABLE_TESTABILITY = YES;
				GCC_C_LANGUAGE_STANDARD = gnu11;
				GCC_DYNAMIC_NO_PIC = NO;
				GCC_NO_COMMON_BLOCKS = YES;
				GCC_OPTIMIZATION_LEVEL = 0;
				GCC_PREPROCESSOR_DEFINITIONS = (
					"DEBUG=1",
					"$(inherited)",
				);
				GCC_WARN_64_TO_32_BIT_CONVERSION = YES;
				GCC_WARN_ABOUT_RETURN_TYPE = YES_ERROR;
				GCC_WARN_UNDECLARED_SELECTOR = YES;
				GCC_WARN_UNINITIALIZED_AUTOS = YES_AGGRESSIVE;
				GCC_WARN_UNUSED_FUNCTION = YES;
				GCC_WARN_UNUSED_VARIABLE = YES;
				IPHONEOS_DEPLOYMENT_TARGET = 14.5;
				MTL_ENABLE_DEBUG_INFO = INCLUDE_SOURCE;
				MTL_FAST_MATH = YES;
				ONLY_ACTIVE_ARCH = YES;
				SDKROOT = iphoneos;
				SWIFT_ACTIVE_COMPILATION_CONDITIONS = DEBUG;
				SWIFT_OPTIMIZATION_LEVEL = "-Onone";
			};
			name = Debug;
		};
		946449E726C1EF1800630589 /* Release */ = {
			isa = XCBuildConfiguration;
			buildSettings = {
				ALWAYS_SEARCH_USER_PATHS = NO;
				CLANG_ANALYZER_NONNULL = YES;
				CLANG_ANALYZER_NUMBER_OBJECT_CONVERSION = YES_AGGRESSIVE;
				CLANG_CXX_LANGUAGE_STANDARD = "gnu++14";
				CLANG_CXX_LIBRARY = "libc++";
				CLANG_ENABLE_MODULES = YES;
				CLANG_ENABLE_OBJC_ARC = YES;
				CLANG_ENABLE_OBJC_WEAK = YES;
				CLANG_WARN_BLOCK_CAPTURE_AUTORELEASING = YES;
				CLANG_WARN_BOOL_CONVERSION = YES;
				CLANG_WARN_COMMA = YES;
				CLANG_WARN_CONSTANT_CONVERSION = YES;
				CLANG_WARN_DEPRECATED_OBJC_IMPLEMENTATIONS = YES;
				CLANG_WARN_DIRECT_OBJC_ISA_USAGE = YES_ERROR;
				CLANG_WARN_DOCUMENTATION_COMMENTS = YES;
				CLANG_WARN_EMPTY_BODY = YES;
				CLANG_WARN_ENUM_CONVERSION = YES;
				CLANG_WARN_INFINITE_RECURSION = YES;
				CLANG_WARN_INT_CONVERSION = YES;
				CLANG_WARN_NON_LITERAL_NULL_CONVERSION = YES;
				CLANG_WARN_OBJC_IMPLICIT_RETAIN_SELF = YES;
				CLANG_WARN_OBJC_LITERAL_CONVERSION = YES;
				CLANG_WARN_OBJC_ROOT_CLASS = YES_ERROR;
				CLANG_WARN_QUOTED_INCLUDE_IN_FRAMEWORK_HEADER = YES;
				CLANG_WARN_RANGE_LOOP_ANALYSIS = YES;
				CLANG_WARN_STRICT_PROTOTYPES = YES;
				CLANG_WARN_SUSPICIOUS_MOVE = YES;
				CLANG_WARN_UNGUARDED_AVAILABILITY = YES_AGGRESSIVE;
				CLANG_WARN_UNREACHABLE_CODE = YES;
				CLANG_WARN__DUPLICATE_METHOD_MATCH = YES;
				COPY_PHASE_STRIP = NO;
				DEBUG_INFORMATION_FORMAT = "dwarf-with-dsym";
				ENABLE_NS_ASSERTIONS = NO;
				ENABLE_STRICT_OBJC_MSGSEND = YES;
				GCC_C_LANGUAGE_STANDARD = gnu11;
				GCC_NO_COMMON_BLOCKS = YES;
				GCC_WARN_64_TO_32_BIT_CONVERSION = YES;
				GCC_WARN_ABOUT_RETURN_TYPE = YES_ERROR;
				GCC_WARN_UNDECLARED_SELECTOR = YES;
				GCC_WARN_UNINITIALIZED_AUTOS = YES_AGGRESSIVE;
				GCC_WARN_UNUSED_FUNCTION = YES;
				GCC_WARN_UNUSED_VARIABLE = YES;
				IPHONEOS_DEPLOYMENT_TARGET = 14.5;
				MTL_ENABLE_DEBUG_INFO = NO;
				MTL_FAST_MATH = YES;
				SDKROOT = iphoneos;
				SWIFT_COMPILATION_MODE = wholemodule;
				SWIFT_OPTIMIZATION_LEVEL = "-O";
				VALIDATE_PRODUCT = YES;
			};
			name = Release;
		};
		946449E926C1EF1800630589 /* Debug */ = {
			isa = XCBuildConfiguration;
			baseConfigurationReference = FDBBB803ABFE7F784969A298 /* Pods-SmartMoney.debug.xcconfig */;
			buildSettings = {
				ASSETCATALOG_COMPILER_APPICON_NAME = AppIcon;
				ASSETCATALOG_COMPILER_GLOBAL_ACCENT_COLOR_NAME = AccentColor;
				CODE_SIGN_STYLE = Automatic;
				DEVELOPMENT_TEAM = 26B53P3XU6;
				INFOPLIST_FILE = SmartMoney/Info.plist;
				LD_RUNPATH_SEARCH_PATHS = (
					"$(inherited)",
					"@executable_path/Frameworks",
				);
				PRODUCT_BUNDLE_IDENTIFIER = Test.SmartMoney;
				PRODUCT_NAME = "$(TARGET_NAME)";
				SWIFT_VERSION = 5.0;
				TARGETED_DEVICE_FAMILY = "1,2";
			};
			name = Debug;
		};
		946449EA26C1EF1800630589 /* Release */ = {
			isa = XCBuildConfiguration;
			baseConfigurationReference = 5A46ED3E2D01931E084E9C77 /* Pods-SmartMoney.release.xcconfig */;
			buildSettings = {
				ASSETCATALOG_COMPILER_APPICON_NAME = AppIcon;
				ASSETCATALOG_COMPILER_GLOBAL_ACCENT_COLOR_NAME = AccentColor;
				CODE_SIGN_STYLE = Automatic;
				DEVELOPMENT_TEAM = 26B53P3XU6;
				INFOPLIST_FILE = SmartMoney/Info.plist;
				LD_RUNPATH_SEARCH_PATHS = (
					"$(inherited)",
					"@executable_path/Frameworks",
				);
				PRODUCT_BUNDLE_IDENTIFIER = Test.SmartMoney;
				PRODUCT_NAME = "$(TARGET_NAME)";
				SWIFT_VERSION = 5.0;
				TARGETED_DEVICE_FAMILY = "1,2";
			};
			name = Release;
		};
/* End XCBuildConfiguration section */

/* Begin XCConfigurationList section */
		946449CF26C1EF1300630589 /* Build configuration list for PBXProject "SmartMoney" */ = {
			isa = XCConfigurationList;
			buildConfigurations = (
				946449E626C1EF1800630589 /* Debug */,
				946449E726C1EF1800630589 /* Release */,
			);
			defaultConfigurationIsVisible = 0;
			defaultConfigurationName = Release;
		};
		946449E826C1EF1800630589 /* Build configuration list for PBXNativeTarget "SmartMoney" */ = {
			isa = XCConfigurationList;
			buildConfigurations = (
				946449E926C1EF1800630589 /* Debug */,
				946449EA26C1EF1800630589 /* Release */,
			);
			defaultConfigurationIsVisible = 0;
			defaultConfigurationName = Release;
		};
/* End XCConfigurationList section */
	};
	rootObject = 946449CC26C1EF1300630589 /* Project object */;
}
